{
    "hash": "bd3c4b4548afc129267f7a5a636b1c4f",
    "packages": [
        {
            "name": "behat/behat",
            "version": "v2.4.4",
            "source": {
                "type": "git",
                "url": "git://github.com/Behat/Behat.git",
                "reference": "v2.4.4"
            },
            "dist": {
                "type": "zip",
                "url": "https://github.com/Behat/Behat/zipball/v2.4.4",
                "reference": "v2.4.4",
                "shasum": ""
            },
            "require": {
                "php": ">=5.3.1",
                "behat/gherkin": ">=2.2.4,<2.3.0-dev",
                "symfony/console": ">=2.0.0,<2.2.0-dev",
                "symfony/config": ">=2.0.0,<2.2.0-dev",
                "symfony/dependency-injection": ">=2.0.0,<2.2.0-dev",
                "symfony/event-dispatcher": ">=2.0.0,<2.2.0-dev",
                "symfony/translation": ">=2.0.0,<2.2.0-dev",
                "symfony/yaml": ">=2.0.0,<2.2.0-dev",
                "symfony/finder": ">=2.0.0,<2.2.0-dev"
            },
            "suggest": {
                "behat/symfony2-extension": "for integration with Symfony2 web framework",
                "behat/yii-extension": "for integration with Yii web framework",
                "behat/mink-extension": "for integration with Mink testing framework"
            },
            "time": "2012-09-03 18:59:18",
            "bin": [
                "bin/behat"
            ],
            "type": "library",
            "installation-source": "dist",
            "autoload": {
                "psr-0": {
                    "Behat\\Behat": "src/"
                }
            },
            "license": [
                "MIT"
            ],
            "authors": [
                {
                    "name": "Konstantin Kudryashov",
                    "email": "ever.zet@gmail.com",
                    "homepage": "http://everzet.com"
                }
            ],
            "description": "Scenario-oriented BDD framework for PHP 5.3",
            "homepage": "http://behat.org/",
            "keywords": [
                "Symfony2",
                "BDD",
                "Behat"
            ]
        },
        {
            "name": "behat/gherkin",
            "version": "v2.2.5",
            "source": {
                "type": "git",
                "url": "git://github.com/Behat/Gherkin.git",
                "reference": "v2.2.5"
            },
            "dist": {
                "type": "zip",
                "url": "https://github.com/Behat/Gherkin/zipball/v2.2.5",
                "reference": "v2.2.5",
                "shasum": ""
            },
            "require": {
                "php": ">=5.3.1",
                "symfony/finder": ">=2.0,<2.2-dev"
            },
            "require-dev": {
                "symfony/yaml": ">=2.0,<2.2-dev",
                "symfony/translation": ">=2.0,<2.2-dev",
                "symfony/config": ">=2.0,<2.2-dev"
            },
            "suggest": {
                "symfony/yaml": "If you want to parse features, represented in YAML files",
                "symfony/translation": "If you want to use Symfony2 translations adapter",
                "symfony/config": "If you want to use Config component to manage resources"
            },
            "time": "2012-09-26 03:03:21",
            "type": "library",
            "installation-source": "dist",
            "autoload": {
                "psr-0": {
                    "Behat\\Gherkin": "src/"
                }
            },
            "license": [
                "MIT"
            ],
            "authors": [
                {
                    "name": "Konstantin Kudryashov",
                    "email": "ever.zet@gmail.com",
                    "homepage": "http://everzet.com"
                }
            ],
            "description": "Gherkin DSL parser for PHP 5.3",
            "homepage": "http://behat.org/",
            "keywords": [
                "Symfony2",
                "BDD",
                "parser",
                "DSL",
                "Behat"
            ]
        },
        {
            "name": "behat/mink",
            "version": "v1.4.0",
            "source": {
                "type": "git",
                "url": "git://github.com/Behat/Mink.git",
                "reference": "v1.4.0"
            },
            "dist": {
                "type": "zip",
                "url": "https://github.com/Behat/Mink/zipball/v1.4.0",
                "reference": "v1.4.0",
                "shasum": ""
            },
            "require": {
                "php": ">=5.3.1",
                "symfony/css-selector": ">=2.0.0,<2.2.0-dev"
            },
            "require-dev": {
                "behat/mink-goutte-driver": "*",
                "behat/mink-sahi-driver": "*",
                "behat/mink-selenium-driver": "*",
                "behat/mink-selenium2-driver": "*",
                "behat/mink-zombie-driver": "*",
                "symfony/finder": ">=2.0.0,<2.2.0-dev"
            },
            "suggest": {
                "behat/mink-goutte-driver": "to enable Goutte support",
                "behat/mink-sahi-driver": "to enable Sahi.JS support",
                "behat/mink-selenium-driver": "to enable Selenium1 support",
                "behat/mink-selenium2-driver": "to enable Selenium2 (webdriver support)",
                "behat/mink-zombie-driver": "to enable Zombie.js support"
            },
            "time": "2012-05-29 02:50:10",
            "type": "library",
            "installation-source": "dist",
            "autoload": {
                "psr-0": {
                    "Behat\\Mink": "src/"
                }
            },
            "license": [
                "MIT"
            ],
            "authors": [
                {
                    "name": "Konstantin Kudryashov",
                    "email": "ever.zet@gmail.com",
                    "homepage": "http://everzet.com"
                }
            ],
            "description": "Web acceptance testing framework for PHP 5.3",
            "homepage": "http://mink.behat.org/",
            "keywords": [
                "testing",
                "browser",
                "web"
            ]
        },
        {
            "name": "behat/mink-browserkit-driver",
            "version": "dev-master",
            "source": {
                "type": "git",
                "url": "git://github.com/Behat/MinkBrowserKitDriver.git",
                "reference": "f2783df62edd22c380fb6f271acd21beb3ef4908"
            },
            "dist": {
                "type": "zip",
                "url": "https://github.com/Behat/MinkBrowserKitDriver/zipball/f2783df62edd22c380fb6f271acd21beb3ef4908",
                "reference": "f2783df62edd22c380fb6f271acd21beb3ef4908",
                "shasum": ""
            },
            "require": {
                "php": ">=5.3.1",
                "symfony/browser-kit": ">=2.0.0,<2.2.0",
                "symfony/dom-crawler": ">=2.0.0,<2.2.0"
            },
            "time": "1350380173",
            "type": "mink-driver",
            "installation-source": "source",
            "autoload": {
                "psr-0": {
                    "Behat\\Mink\\Driver": "src/"
                }
            },
            "license": [
                "MIT"
            ],
            "authors": [
                {
                    "name": "Konstantin Kudryashov",
                    "email": "ever.zet@gmail.com",
                    "homepage": "http://everzet.com"
                }
            ],
            "description": "Symfony2 BrowserKit driver for Mink framework",
            "homepage": "http://mink.behat.org/",
            "keywords": [
                "Symfony2",
                "testing",
                "browser"
            ]
        },
        {
            "name": "behat/mink-extension",
            "version": "dev-master",
            "source": {
                "type": "git",
                "url": "git://github.com/Behat/MinkExtension.git",
                "reference": "0f92203531851a014f7e5bac89b6bfbb42519594"
            },
            "dist": {
                "type": "zip",
                "url": "https://github.com/Behat/MinkExtension/zipball/0f92203531851a014f7e5bac89b6bfbb42519594",
                "reference": "0f92203531851a014f7e5bac89b6bfbb42519594",
                "shasum": ""
            },
            "require": {
                "php": ">=5.3.2",
                "behat/behat": ">=2.4.0,<2.5.0",
                "behat/mink": ">=1.4.0,<1.5.0"
            },
            "require-dev": {
                "behat/mink-goutte-driver": "*"
            },
            "time": "1351090772",
            "type": "behat-extension",
            "installation-source": "source",
            "autoload": {
                "psr-0": {
                    "Behat\\MinkExtension": "src/"
                }
            },
            "license": [
                "MIT"
            ],
            "authors": [
                {
                    "name": "Konstantin Kudryashov",
                    "email": "ever.zet@gmail.com",
                    "homepage": "http://everzet.com"
                }
            ],
            "description": "Mink extension for Behat",
            "homepage": "http://mink.behat.org",
            "keywords": [
                "test",
                "browser",
                "web",
                "gui"
            ]
        },
        {
            "name": "behat/mink-goutte-driver",
            "version": "dev-master",
            "source": {
                "type": "git",
                "url": "git://github.com/Behat/MinkGoutteDriver.git",
                "reference": "fa0fb4f43361d8d386a8b62a1b82f3ea0a511693"
            },
            "dist": {
                "type": "zip",
                "url": "https://github.com/Behat/MinkGoutteDriver/zipball/fa0fb4f43361d8d386a8b62a1b82f3ea0a511693",
                "reference": "fa0fb4f43361d8d386a8b62a1b82f3ea0a511693",
                "shasum": ""
            },
            "require": {
                "php": ">=5.3.1",
                "behat/mink-browserkit-driver": "*",
                "behat/mink": ">=1.4.0,<1.5.0-dev",
                "symfony/browser-kit": "2.1.*@dev",
                "symfony/css-selector": "2.1.*@dev",
                "symfony/dom-crawler": "2.1.*@dev",
                "symfony/finder": "2.1.*@dev",
                "symfony/process": "2.1.*@dev",
                "fabpot/goutte": "@dev"
            },
            "time": "1350381716",
            "type": "mink-driver",
            "installation-source": "source",
            "autoload": {
                "psr-0": {
                    "Behat\\Mink\\Driver": "src/"
                }
            },
            "license": [
                "MIT"
            ],
            "authors": [
                {
                    "name": "Konstantin Kudryashov",
                    "email": "ever.zet@gmail.com",
                    "homepage": "http://everzet.com"
                }
            ],
            "description": "Goutte driver for Mink framework",
            "homepage": "http://mink.behat.org/",
            "keywords": [
                "testing",
                "browser",
                "goutte",
                "headless"
            ]
        },
        {
            "name": "behat/mink-selenium2-driver",
            "version": "dev-master",
            "source": {
                "type": "git",
                "url": "git://github.com/Behat/MinkSelenium2Driver.git",
                "reference": "0055619fe60116ccaaa636ada71710c16b7e1654"
            },
            "dist": {
                "type": "zip",
                "url": "https://github.com/Behat/MinkSelenium2Driver/zipball/0055619fe60116ccaaa636ada71710c16b7e1654",
                "reference": "0055619fe60116ccaaa636ada71710c16b7e1654",
                "shasum": ""
            },
            "require": {
                "php": ">=5.3.1",
                "instaclick/php-webdriver": "@dev",
                "behat/mink": "1.4.*"
            },
            "time": "1349625948",
            "type": "mink-driver",
            "installation-source": "source",
            "autoload": {
                "psr-0": {
                    "Behat\\Mink\\Driver": "src/"
                }
            },
            "license": [
                "MIT"
            ],
            "authors": [
                {
                    "name": "Konstantin Kudryashov",
                    "email": "ever.zet@gmail.com",
                    "homepage": "http://everzet.com"
                }
            ],
            "description": "Selenium2 (WebDriver) driver for Mink framework",
            "homepage": "http://mink.behat.org/",
            "keywords": [
                "javascript",
                "testing",
                "browser",
                "ajax",
                "selenium",
                "webdriver"
            ]
        },
        {
            "name": "fabpot/goutte",
            "version": "dev-master",
            "source": {
                "type": "git",
                "url": "https://github.com/fabpot/Goutte",
                "reference": "f2940f9c7c1f409159f5e9f512e575946c5cff48"
            },
            "dist": {
                "type": "zip",
                "url": "https://github.com/fabpot/Goutte/zipball/f2940f9c7c1f409159f5e9f512e575946c5cff48",
                "reference": "f2940f9c7c1f409159f5e9f512e575946c5cff48",
                "shasum": ""
            },
            "require": {
                "php": ">=5.3.0",
                "symfony/browser-kit": "2.1.*",
                "symfony/css-selector": "2.1.*",
                "symfony/dom-crawler": "2.1.*",
                "symfony/finder": "2.1.*",
                "symfony/process": "2.1.*",
                "ext-curl": "*",
                "guzzle/http": "2.8.*"
            },
            "time": "1351086217",
            "type": "application",
            "extra": {
                "branch-alias": {
                    "dev-master": "1.0-dev"
                }
            },
            "installation-source": "source",
            "autoload": {
                "psr-0": {
                    "Goutte": "."
                }
            },
            "license": [
                "MIT"
            ],
            "authors": [
                {
                    "name": "Fabien Potencier",
                    "email": "fabien@symfony.com"
                }
            ],
            "description": "A simple PHP Web Scraper",
            "homepage": "https://github.com/fabpot/Goutte",
            "keywords": [
                "scraper"
            ]
        },
        {
            "name": "guzzle/common",
            "version": "v2.8.8",
            "target-dir": "Guzzle/Common",
            "source": {
                "type": "git",
                "url": "git://github.com/guzzle/common.git",
                "reference": "v2.8.8"
            },
            "dist": {
                "type": "zip",
                "url": "https://github.com/guzzle/common/zipball/v2.8.8",
                "reference": "v2.8.8",
                "shasum": ""
            },
            "require": {
                "php": ">=5.3.2",
                "symfony/event-dispatcher": "2.1.*"
            },
            "time": "2012-10-15 17:42:47",
            "type": "library",
            "installation-source": "dist",
            "autoload": {
                "psr-0": {
                    "Guzzle\\Common": ""
                }
            },
            "license": [
                "MIT"
            ],
            "description": "Common libraries used by Guzzle",
            "homepage": "http://guzzlephp.org/",
            "keywords": [
                "log",
                "event",
                "cache",
                "validation",
                "Socket",
                "common",
                "batch",
                "inflection"
            ]
        },
        {
            "name": "guzzle/http",
            "version": "v2.8.8",
            "target-dir": "Guzzle/Http",
            "source": {
                "type": "git",
                "url": "git://github.com/guzzle/http.git",
                "reference": "v2.8.8"
            },
            "dist": {
                "type": "zip",
                "url": "https://github.com/guzzle/http/zipball/v2.8.8",
                "reference": "v2.8.8",
                "shasum": ""
            },
            "require": {
                "php": ">=5.3.2",
                "guzzle/common": "self.version",
                "guzzle/parser": "self.version"
            },
            "time": "2012-10-15 17:42:47",
            "type": "library",
            "installation-source": "dist",
            "autoload": {
                "psr-0": {
                    "Guzzle\\Http": ""
                }
            },
            "license": [
                "MIT"
            ],
            "description": "HTTP libraries used by Guzzle",
            "homepage": "http://guzzlephp.org/",
            "keywords": [
                "curl",
                "http",
                "http client",
                "client",
                "Guzzle"
            ]
        },
        {
            "name": "guzzle/parser",
            "version": "v2.8.8",
            "target-dir": "Guzzle/Parser",
            "source": {
                "type": "git",
                "url": "git://github.com/guzzle/parser.git",
                "reference": "v2.8.8"
            },
            "dist": {
                "type": "zip",
                "url": "https://github.com/guzzle/parser/zipball/v2.8.8",
                "reference": "v2.8.8",
                "shasum": ""
            },
            "require": {
                "php": ">=5.3.2"
            },
            "time": "2012-09-20 13:28:06",
            "type": "library",
            "installation-source": "dist",
            "autoload": {
                "psr-0": {
                    "Guzzle\\Parser": ""
                }
            },
            "license": [
                "MIT"
            ],
            "description": "Interchangeable parsers used by Guzzle",
            "homepage": "http://guzzlephp.org/",
            "keywords": [
                "http",
                "url",
                "message",
                "cookie",
                "URI Template"
            ]
        },
        {
            "name": "instaclick/php-webdriver",
            "version": "dev-master",
            "source": {
                "type": "git",
                "url": "https://github.com/instaclick/php-webdriver",
                "reference": "v1.0.8"
            },
            "dist": {
                "type": "zip",
                "url": "https://github.com/instaclick/php-webdriver/zipball/v1.0.8",
                "reference": "v1.0.8",
                "shasum": ""
            },
            "require": {
                "php": ">=5.3.2"
            },
            "time": "1351218365",
            "type": "library",
            "installation-source": "source",
            "autoload": {
                "psr-0": {
                    "WebDriver": "lib/"
                }
            },
            "license": [
                "Apache"
            ],
            "authors": [
                {
                    "name": "Justin Bishop",
                    "email": "jubishop@gmail.com",
                    "role": "Developer"
                },
                {
                    "name": "Anthon Pang",
                    "email": "apang@softwaredevelopment.ca",
                    "role": "Fork Maintainer"
                }
            ],
            "description": "PHP WebDriver for Selenium 2",
            "homepage": "http://instaclick.com/torontotechjobs/",
            "keywords": [
                "browser",
                "selenium",
                "webdriver",
                "webtest"
            ]
        },
        {
            "name": "symfony/browser-kit",
            "version": "2.1.x-dev",
            "target-dir": "Symfony/Component/BrowserKit",
            "source": {
                "type": "git",
                "url": "https://github.com/symfony/BrowserKit",
                "reference": "32e43b5287c3f5379c1470c5dd755fcf5f625d3d"
            },
            "dist": {
                "type": "zip",
                "url": "https://github.com/symfony/BrowserKit/zipball/32e43b5287c3f5379c1470c5dd755fcf5f625d3d",
                "reference": "32e43b5287c3f5379c1470c5dd755fcf5f625d3d",
                "shasum": ""
            },
            "require": {
                "php": ">=5.3.3",
                "symfony/dom-crawler": "2.1.*"
            },
            "require-dev": {
                "symfony/process": "2.1.*",
                "symfony/css-selector": "2.1.*"
            },
            "suggest": {
                "symfony/process": "2.1.*"
            },
            "time": "1351170710",
            "type": "library",
            "extra": {
                "branch-alias": {
                    "dev-master": "2.1-dev"
                }
            },
            "installation-source": "source",
            "autoload": {
                "psr-0": {
                    "Symfony\\Component\\BrowserKit": ""
                }
            },
            "license": [
                "MIT"
            ],
            "authors": [
                {
                    "name": "Fabien Potencier",
                    "email": "fabien@symfony.com"
                },
                {
                    "name": "Symfony Community",
                    "homepage": "http://symfony.com/contributors"
                }
            ],
            "description": "Symfony BrowserKit Component",
            "homepage": "http://symfony.com"
        },
        {
            "name": "symfony/config",
            "version": "2.1.x-dev",
            "target-dir": "Symfony/Component/Config",
            "source": {
                "type": "git",
                "url": "https://github.com/symfony/Config",
                "reference": "4a15aba224b81a15347311ae7ebe3e87de39a6b7"
            },
            "dist": {
                "type": "zip",
                "url": "https://github.com/symfony/Config/zipball/4a15aba224b81a15347311ae7ebe3e87de39a6b7",
                "reference": "4a15aba224b81a15347311ae7ebe3e87de39a6b7",
                "shasum": ""
            },
            "require": {
                "php": ">=5.3.3"
            },
            "time": "1350717030",
            "type": "library",
            "extra": {
                "branch-alias": {
                    "dev-master": "2.1-dev"
                }
            },
            "installation-source": "source",
            "autoload": {
                "psr-0": {
                    "Symfony\\Component\\Config": ""
                }
            },
            "license": [
                "MIT"
            ],
            "authors": [
                {
                    "name": "Fabien Potencier",
                    "email": "fabien@symfony.com"
                },
                {
                    "name": "Symfony Community",
                    "homepage": "http://symfony.com/contributors"
                }
            ],
            "description": "Symfony Config Component",
            "homepage": "http://symfony.com"
        },
        {
            "name": "symfony/console",
            "version": "2.1.x-dev",
            "target-dir": "Symfony/Component/Console",
            "source": {
                "type": "git",
                "url": "https://github.com/symfony/Console",
                "reference": "55030275de3c40849b6afac9f913ccd92ffe3232"
            },
            "dist": {
                "type": "zip",
                "url": "https://github.com/symfony/Console/zipball/55030275de3c40849b6afac9f913ccd92ffe3232",
                "reference": "55030275de3c40849b6afac9f913ccd92ffe3232",
                "shasum": ""
            },
            "require": {
                "php": ">=5.3.3"
            },
            "time": "1350916632",
            "type": "library",
            "extra": {
                "branch-alias": {
                    "dev-master": "2.1-dev"
                }
            },
            "installation-source": "source",
            "autoload": {
                "psr-0": {
                    "Symfony\\Component\\Console": ""
                }
            },
            "license": [
                "MIT"
            ],
            "authors": [
                {
                    "name": "Fabien Potencier",
                    "email": "fabien@symfony.com"
                },
                {
                    "name": "Symfony Community",
                    "homepage": "http://symfony.com/contributors"
                }
            ],
            "description": "Symfony Console Component",
            "homepage": "http://symfony.com"
        },
        {
            "name": "symfony/css-selector",
            "version": "2.1.x-dev",
            "target-dir": "Symfony/Component/CssSelector",
            "source": {
                "type": "git",
                "url": "https://github.com/symfony/CssSelector",
                "reference": "02fa0bf05b6db612e008d04184d6408c0599e73b"
            },
            "dist": {
                "type": "zip",
                "url": "https://github.com/symfony/CssSelector/zipball/02fa0bf05b6db612e008d04184d6408c0599e73b",
                "reference": "02fa0bf05b6db612e008d04184d6408c0599e73b",
                "shasum": ""
            },
            "require": {
                "php": ">=5.3.3"
            },
            "time": "1349363877",
            "type": "library",
            "extra": {
                "branch-alias": {
                    "dev-master": "2.1-dev"
                }
            },
            "installation-source": "source",
            "autoload": {
                "psr-0": {
                    "Symfony\\Component\\CssSelector": ""
                }
            },
            "license": [
                "MIT"
            ],
            "authors": [
                {
                    "name": "Fabien Potencier",
                    "email": "fabien@symfony.com"
                },
                {
                    "name": "Symfony Community",
                    "homepage": "http://symfony.com/contributors"
                }
            ],
            "description": "Symfony CssSelector Component",
            "homepage": "http://symfony.com"
        },
        {
            "name": "symfony/dependency-injection",
            "version": "2.1.x-dev",
            "target-dir": "Symfony/Component/DependencyInjection",
            "source": {
                "type": "git",
                "url": "https://github.com/symfony/DependencyInjection",
                "reference": "987bd44173aad326632a38fff6e9bfc69e61d200"
            },
            "dist": {
                "type": "zip",
                "url": "https://github.com/symfony/DependencyInjection/zipball/987bd44173aad326632a38fff6e9bfc69e61d200",
                "reference": "987bd44173aad326632a38fff6e9bfc69e61d200",
                "shasum": ""
            },
            "require": {
                "php": ">=5.3.3"
            },
            "require-dev": {
                "symfony/yaml": "2.1.*",
                "symfony/config": "2.1.*"
            },
            "suggest": {
                "symfony/yaml": "2.1.*",
                "symfony/config": "2.1.*"
            },
            "time": "1350916632",
            "type": "library",
            "extra": {
                "branch-alias": {
                    "dev-master": "2.1-dev"
                }
            },
            "installation-source": "source",
            "autoload": {
                "psr-0": {
                    "Symfony\\Component\\DependencyInjection": ""
                }
            },
            "license": [
                "MIT"
            ],
            "authors": [
                {
                    "name": "Fabien Potencier",
                    "email": "fabien@symfony.com"
                },
                {
                    "name": "Symfony Community",
                    "homepage": "http://symfony.com/contributors"
                }
            ],
            "description": "Symfony DependencyInjection Component",
            "homepage": "http://symfony.com"
        },
        {
            "name": "symfony/dom-crawler",
            "version": "2.1.x-dev",
            "target-dir": "Symfony/Component/DomCrawler",
            "source": {
                "type": "git",
                "url": "https://github.com/symfony/DomCrawler",
                "reference": "68b5a33cd29ef0fec701c494519935599970a72f"
            },
            "dist": {
                "type": "zip",
                "url": "https://github.com/symfony/DomCrawler/zipball/68b5a33cd29ef0fec701c494519935599970a72f",
                "reference": "68b5a33cd29ef0fec701c494519935599970a72f",
                "shasum": ""
            },
            "require": {
                "php": ">=5.3.3"
            },
            "require-dev": {
                "symfony/css-selector": "2.1.*"
            },
            "suggest": {
                "symfony/css-selector": "2.1.*"
            },
            "time": "1350594961",
            "type": "library",
            "extra": {
                "branch-alias": {
                    "dev-master": "2.1-dev"
                }
            },
            "installation-source": "source",
            "autoload": {
                "psr-0": {
                    "Symfony\\Component\\DomCrawler": ""
                }
            },
            "license": [
                "MIT"
            ],
            "authors": [
                {
                    "name": "Fabien Potencier",
                    "email": "fabien@symfony.com"
                },
                {
                    "name": "Symfony Community",
                    "homepage": "http://symfony.com/contributors"
                }
            ],
            "description": "Symfony DomCrawler Component",
            "homepage": "http://symfony.com"
        },
        {
            "name": "symfony/event-dispatcher",
            "version": "2.1.x-dev",
            "target-dir": "Symfony/Component/EventDispatcher",
            "source": {
                "type": "git",
                "url": "https://github.com/symfony/EventDispatcher",
                "reference": "fb273317c0505ba657aa3d727530d36ae671fb82"
            },
            "dist": {
                "type": "zip",
                "url": "https://github.com/symfony/EventDispatcher/zipball/fb273317c0505ba657aa3d727530d36ae671fb82",
                "reference": "fb273317c0505ba657aa3d727530d36ae671fb82",
                "shasum": ""
            },
            "require": {
                "php": ">=5.3.3"
            },
            "require-dev": {
                "symfony/dependency-injection": "2.1.*"
            },
            "suggest": {
                "symfony/dependency-injection": "2.1.*",
                "symfony/http-kernel": "2.1.*"
            },
            "time": "1349363877",
            "type": "library",
            "extra": {
                "branch-alias": {
                    "dev-master": "2.1-dev"
                }
            },
            "installation-source": "source",
            "autoload": {
                "psr-0": {
                    "Symfony\\Component\\EventDispatcher": ""
                }
            },
            "license": [
                "MIT"
            ],
            "authors": [
                {
                    "name": "Fabien Potencier",
                    "email": "fabien@symfony.com"
                },
                {
                    "name": "Symfony Community",
                    "homepage": "http://symfony.com/contributors"
                }
            ],
            "description": "Symfony EventDispatcher Component",
            "homepage": "http://symfony.com"
        },
        {
            "name": "symfony/finder",
            "version": "2.1.x-dev",
            "target-dir": "Symfony/Component/Finder",
            "source": {
                "type": "git",
                "url": "https://github.com/symfony/Finder",
                "reference": "e5dac3c0c277c1b5266dcb467c49b29dc7fb6a9b"
            },
            "dist": {
                "type": "zip",
                "url": "https://github.com/symfony/Finder/zipball/e5dac3c0c277c1b5266dcb467c49b29dc7fb6a9b",
                "reference": "e5dac3c0c277c1b5266dcb467c49b29dc7fb6a9b",
                "shasum": ""
            },
            "require": {
                "php": ">=5.3.3"
            },
            "time": "1350717030",
            "type": "library",
            "extra": {
                "branch-alias": {
                    "dev-master": "2.1-dev"
                }
            },
            "installation-source": "source",
            "autoload": {
                "psr-0": {
                    "Symfony\\Component\\Finder": ""
                }
            },
            "license": [
                "MIT"
            ],
            "authors": [
                {
                    "name": "Fabien Potencier",
                    "email": "fabien@symfony.com"
                },
                {
                    "name": "Symfony Community",
                    "homepage": "http://symfony.com/contributors"
                }
            ],
            "description": "Symfony Finder Component",
            "homepage": "http://symfony.com"
        },
        {
            "name": "symfony/process",
            "version": "2.1.x-dev",
            "target-dir": "Symfony/Component/Process",
            "source": {
                "type": "git",
                "url": "https://github.com/symfony/Process",
                "reference": "6d483356f7496f1305a67f6a50cc33ec900c3930"
            },
            "dist": {
                "type": "zip",
                "url": "https://github.com/symfony/Process/zipball/6d483356f7496f1305a67f6a50cc33ec900c3930",
                "reference": "6d483356f7496f1305a67f6a50cc33ec900c3930",
                "shasum": ""
            },
            "require": {
                "php": ">=5.3.3"
            },
            "time": "1350717030",
            "type": "library",
            "extra": {
                "branch-alias": {
                    "dev-master": "2.1-dev"
                }
            },
            "installation-source": "source",
            "autoload": {
                "psr-0": {
                    "Symfony\\Component\\Process": ""
                }
            },
            "license": [
                "MIT"
            ],
            "authors": [
                {
                    "name": "Fabien Potencier",
                    "email": "fabien@symfony.com"
                },
                {
                    "name": "Symfony Community",
                    "homepage": "http://symfony.com/contributors"
                }
            ],
            "description": "Symfony Process Component",
            "homepage": "http://symfony.com"
        },
        {
            "name": "symfony/translation",
            "version": "2.1.x-dev",
            "target-dir": "Symfony/Component/Translation",
            "source": {
                "type": "git",
                "url": "https://github.com/symfony/Translation",
                "reference": "deb6d9c83f1247b8a0ce2f66b6fbcbafdeff66ad"
            },
            "dist": {
                "type": "zip",
                "url": "https://github.com/symfony/Translation/zipball/deb6d9c83f1247b8a0ce2f66b6fbcbafdeff66ad",
                "reference": "deb6d9c83f1247b8a0ce2f66b6fbcbafdeff66ad",
                "shasum": ""
            },
            "require": {
                "php": ">=5.3.3"
            },
            "require-dev": {
                "symfony/config": "2.1.*",
                "symfony/yaml": "2.1.*"
            },
            "suggest": {
                "symfony/config": "2.1.*",
                "symfony/yaml": "2.1.*"
            },
            "time": "1350717030",
            "type": "library",
            "extra": {
                "branch-alias": {
                    "dev-master": "2.1-dev"
                }
            },
            "installation-source": "source",
            "autoload": {
                "psr-0": {
                    "Symfony\\Component\\Translation": ""
                }
            },
            "license": [
                "MIT"
            ],
            "authors": [
                {
                    "name": "Fabien Potencier",
                    "email": "fabien@symfony.com"
                },
                {
                    "name": "Symfony Community",
                    "homepage": "http://symfony.com/contributors"
                }
            ],
            "description": "Symfony Translation Component",
            "homepage": "http://symfony.com"
        },
        {
            "name": "symfony/yaml",
            "version": "2.1.x-dev",
            "target-dir": "Symfony/Component/Yaml",
            "source": {
                "type": "git",
                "url": "https://github.com/symfony/Yaml",
                "reference": "d6894417bffb3298852ffaa202922254b7571666"
            },
            "dist": {
                "type": "zip",
                "url": "https://github.com/symfony/Yaml/zipball/d6894417bffb3298852ffaa202922254b7571666",
                "reference": "d6894417bffb3298852ffaa202922254b7571666",
                "shasum": ""
            },
            "require": {
                "php": ">=5.3.3"
            },
            "time": "1350717030",
            "type": "library",
            "extra": {
                "branch-alias": {
                    "dev-master": "2.1-dev"
                }
            },
            "installation-source": "source",
            "autoload": {
                "psr-0": {
                    "Symfony\\Component\\Yaml": ""
                }
            },
            "license": [
                "MIT"
            ],
            "authors": [
                {
                    "name": "Fabien Potencier",
                    "email": "fabien@symfony.com"
                },
                {
                    "name": "Symfony Community",
                    "homepage": "http://symfony.com/contributors"
                }
            ],
            "description": "Symfony Yaml Component",
            "homepage": "http://symfony.com"
        }
    ],
    "packages-dev": null,
    "aliases": [

    ],
    "minimum-stability": "dev",
    "stability-flags": {
        "behat/behat": 0,
        "behat/mink": 0
    }
}
